// !$*UTF8*$!
{
	archiveVersion = 1;
	classes = {
	};
	objectVersion = 60;
	objects = {

/* Begin PBXBuildFile section */
		14089BB52B7DA70C00C7B89E /* AppDelegate.swift in Sources */ = {isa = PBXBuildFile; fileRef = 14089BA42B7DA70C00C7B89E /* AppDelegate.swift */; };
		14089BB62B7DA70C00C7B89E /* DisplayManager.swift in Sources */ = {isa = PBXBuildFile; fileRef = 14089BA62B7DA70C00C7B89E /* DisplayManager.swift */; };
		14089BBA2B7DA70C00C7B89E /* CGDirectDisplayID+Extension.swift in Sources */ = {isa = PBXBuildFile; fileRef = 14089BAB2B7DA70C00C7B89E /* CGDirectDisplayID+Extension.swift */; };
		14089BBC2B7DA70C00C7B89E /* NSScreen+Extension.swift in Sources */ = {isa = PBXBuildFile; fileRef = 14089BAD2B7DA70C00C7B89E /* NSScreen+Extension.swift */; };
		14089BBE2B7DA70C00C7B89E /* Command.swift in Sources */ = {isa = PBXBuildFile; fileRef = 14089BB02B7DA70C00C7B89E /* Command.swift */; };
		14089BC02B7DA70C00C7B89E /* Display.swift in Sources */ = {isa = PBXBuildFile; fileRef = 14089BB32B7DA70C00C7B89E /* Display.swift */; };
		14225EE02B7F37B7001DF906 /* Ex-View.swift in Sources */ = {isa = PBXBuildFile; fileRef = 14225EDF2B7F37B7001DF906 /* Ex-View.swift */; };
		14225EE32B7F37D6001DF906 /* BangsShape.swift in Sources */ = {isa = PBXBuildFile; fileRef = 14225EE22B7F37D6001DF906 /* BangsShape.swift */; };
		14225EE52B7F37E7001DF906 /* musicImageView.swift in Sources */ = {isa = PBXBuildFile; fileRef = 14225EE42B7F37E7001DF906 /* musicImageView.swift */; };
		14225EE72B7F37FB001DF906 /* islandContentView.swift in Sources */ = {isa = PBXBuildFile; fileRef = 14225EE62B7F37FB001DF906 /* islandContentView.swift */; };
		14225EE92B7F3803001DF906 /* isLandView.swift in Sources */ = {isa = PBXBuildFile; fileRef = 14225EE82B7F3803001DF906 /* isLandView.swift */; };
		14225EEB2B7F3861001DF906 /* mediaView.swift in Sources */ = {isa = PBXBuildFile; fileRef = 14225EEA2B7F3861001DF906 /* mediaView.swift */; };
		14225EED2B7F39E4001DF906 /* InfoFunctionFloatSetView.swift in Sources */ = {isa = PBXBuildFile; fileRef = 14225EEC2B7F39E4001DF906 /* InfoFunctionFloatSetView.swift */; };
		14225EF22B7F402B001DF906 /* RectPreferenceKey.swift in Sources */ = {isa = PBXBuildFile; fileRef = 14225EEE2B7F402B001DF906 /* RectPreferenceKey.swift */; };
		14225EF32B7F402B001DF906 /* SizePreferenceKey.swift in Sources */ = {isa = PBXBuildFile; fileRef = 14225EEF2B7F402B001DF906 /* SizePreferenceKey.swift */; };
		14225EF42B7F402B001DF906 /* View+Geometry.swift in Sources */ = {isa = PBXBuildFile; fileRef = 14225EF02B7F402B001DF906 /* View+Geometry.swift */; };
		14225EF62B7F4667001DF906 /* BetterInfoView.swift in Sources */ = {isa = PBXBuildFile; fileRef = 14225EF52B7F4667001DF906 /* BetterInfoView.swift */; };
		1495E7D12B7A291100A7F384 /* menuButton.swift in Sources */ = {isa = PBXBuildFile; fileRef = 1495E7D02B7A291100A7F384 /* menuButton.swift */; };
		1495E7D72B7A405500A7F384 /* Sound.swift in Sources */ = {isa = PBXBuildFile; fileRef = 1495E7D22B7A405500A7F384 /* Sound.swift */; };
		1495E7D82B7A405500A7F384 /* SoundOutputManager.swift in Sources */ = {isa = PBXBuildFile; fileRef = 1495E7D32B7A405500A7F384 /* SoundOutputManager.swift */; };
		1495E7D92B7A405500A7F384 /* SoundOutputManager+Goodies.swift in Sources */ = {isa = PBXBuildFile; fileRef = 1495E7D42B7A405500A7F384 /* SoundOutputManager+Goodies.swift */; };
		1495E7DA2B7A405500A7F384 /* SoundOutputManager+Properties.swift in Sources */ = {isa = PBXBuildFile; fileRef = 1495E7D52B7A405500A7F384 /* SoundOutputManager+Properties.swift */; };
		1495E7DD2B7A695D00A7F384 /* MediaRemote in Frameworks */ = {isa = PBXBuildFile; productRef = 1495E7DC2B7A695D00A7F384 /* MediaRemote */; };
		1495E7DF2B7A695D00A7F384 /* PrivateMediaRemote in Frameworks */ = {isa = PBXBuildFile; productRef = 1495E7DE2B7A695D00A7F384 /* PrivateMediaRemote */; };
		1495E7E62B7B285400A7F384 /* MediaKeyTap in Frameworks */ = {isa = PBXBuildFile; productRef = 1495E7E52B7B285400A7F384 /* MediaKeyTap */; };
		14CDE3FA2B7A0F6200426E02 /* DynamicBangsApp.swift in Sources */ = {isa = PBXBuildFile; fileRef = 14CDE3F92B7A0F6200426E02 /* DynamicBangsApp.swift */; };
		14CDE3FC2B7A0F6200426E02 /* ContentView.swift in Sources */ = {isa = PBXBuildFile; fileRef = 14CDE3FB2B7A0F6200426E02 /* ContentView.swift */; };
		14CDE3FE2B7A0F6400426E02 /* Assets.xcassets in Resources */ = {isa = PBXBuildFile; fileRef = 14CDE3FD2B7A0F6400426E02 /* Assets.xcassets */; };
		14CDE4012B7A0F6400426E02 /* Preview Assets.xcassets in Resources */ = {isa = PBXBuildFile; fileRef = 14CDE4002B7A0F6400426E02 /* Preview Assets.xcassets */; };
		14CDE4092B7A0F8500426E02 /* SettingView.swift in Sources */ = {isa = PBXBuildFile; fileRef = 14CDE4082B7A0F8500426E02 /* SettingView.swift */; };
/* End PBXBuildFile section */

/* Begin PBXCopyFilesBuildPhase section */
		1495E7EC2B7B35D400A7F384 /* Embed Frameworks */ = {
			isa = PBXCopyFilesBuildPhase;
			buildActionMask = 2147483647;
			dstPath = "";
			dstSubfolderSpec = 10;
			files = (
			);
			name = "Embed Frameworks";
			runOnlyForDeploymentPostprocessing = 0;
		};
/* End PBXCopyFilesBuildPhase section */

/* Begin PBXFileReference section */
		14089BA42B7DA70C00C7B89E /* AppDelegate.swift */ = {isa = PBXFileReference; fileEncoding = 4; lastKnownFileType = sourcecode.swift; path = AppDelegate.swift; sourceTree = "<group>"; };
		14089BA52B7DA70C00C7B89E /* Bridging-Header.h */ = {isa = PBXFileReference; fileEncoding = 4; lastKnownFileType = sourcecode.c.h; path = "Bridging-Header.h"; sourceTree = "<group>"; };
		14089BA62B7DA70C00C7B89E /* DisplayManager.swift */ = {isa = PBXFileReference; fileEncoding = 4; lastKnownFileType = sourcecode.swift; path = DisplayManager.swift; sourceTree = "<group>"; };
		14089BAB2B7DA70C00C7B89E /* CGDirectDisplayID+Extension.swift */ = {isa = PBXFileReference; fileEncoding = 4; lastKnownFileType = sourcecode.swift; path = "CGDirectDisplayID+Extension.swift"; sourceTree = "<group>"; };
		14089BAD2B7DA70C00C7B89E /* NSScreen+Extension.swift */ = {isa = PBXFileReference; fileEncoding = 4; lastKnownFileType = sourcecode.swift; path = "NSScreen+Extension.swift"; sourceTree = "<group>"; };
		14089BB02B7DA70C00C7B89E /* Command.swift */ = {isa = PBXFileReference; fileEncoding = 4; lastKnownFileType = sourcecode.swift; path = Command.swift; sourceTree = "<group>"; };
		14089BB32B7DA70C00C7B89E /* Display.swift */ = {isa = PBXFileReference; fileEncoding = 4; lastKnownFileType = sourcecode.swift; path = Display.swift; sourceTree = "<group>"; };
		14225EDF2B7F37B7001DF906 /* Ex-View.swift */ = {isa = PBXFileReference; lastKnownFileType = sourcecode.swift; path = "Ex-View.swift"; sourceTree = "<group>"; };
		14225EE22B7F37D6001DF906 /* BangsShape.swift */ = {isa = PBXFileReference; lastKnownFileType = sourcecode.swift; path = BangsShape.swift; sourceTree = "<group>"; };
		14225EE42B7F37E7001DF906 /* musicImageView.swift */ = {isa = PBXFileReference; lastKnownFileType = sourcecode.swift; path = musicImageView.swift; sourceTree = "<group>"; };
		14225EE62B7F37FB001DF906 /* islandContentView.swift */ = {isa = PBXFileReference; lastKnownFileType = sourcecode.swift; path = islandContentView.swift; sourceTree = "<group>"; };
		14225EE82B7F3803001DF906 /* isLandView.swift */ = {isa = PBXFileReference; lastKnownFileType = sourcecode.swift; path = isLandView.swift; sourceTree = "<group>"; };
		14225EEA2B7F3861001DF906 /* mediaView.swift */ = {isa = PBXFileReference; lastKnownFileType = sourcecode.swift; path = mediaView.swift; sourceTree = "<group>"; };
		14225EEC2B7F39E4001DF906 /* InfoFunctionFloatSetView.swift */ = {isa = PBXFileReference; lastKnownFileType = sourcecode.swift; path = InfoFunctionFloatSetView.swift; sourceTree = "<group>"; };
		14225EEE2B7F402B001DF906 /* RectPreferenceKey.swift */ = {isa = PBXFileReference; fileEncoding = 4; lastKnownFileType = sourcecode.swift; path = RectPreferenceKey.swift; sourceTree = "<group>"; };
		14225EEF2B7F402B001DF906 /* SizePreferenceKey.swift */ = {isa = PBXFileReference; fileEncoding = 4; lastKnownFileType = sourcecode.swift; path = SizePreferenceKey.swift; sourceTree = "<group>"; };
		14225EF02B7F402B001DF906 /* View+Geometry.swift */ = {isa = PBXFileReference; fileEncoding = 4; lastKnownFileType = sourcecode.swift; path = "View+Geometry.swift"; sourceTree = "<group>"; };
		14225EF52B7F4667001DF906 /* BetterInfoView.swift */ = {isa = PBXFileReference; lastKnownFileType = sourcecode.swift; path = BetterInfoView.swift; sourceTree = "<group>"; };
		1495E7D02B7A291100A7F384 /* menuButton.swift */ = {isa = PBXFileReference; fileEncoding = 4; lastKnownFileType = sourcecode.swift; path = menuButton.swift; sourceTree = "<group>"; };
		1495E7D22B7A405500A7F384 /* Sound.swift */ = {isa = PBXFileReference; fileEncoding = 4; lastKnownFileType = sourcecode.swift; path = Sound.swift; sourceTree = "<group>"; };
		1495E7D32B7A405500A7F384 /* SoundOutputManager.swift */ = {isa = PBXFileReference; fileEncoding = 4; lastKnownFileType = sourcecode.swift; path = SoundOutputManager.swift; sourceTree = "<group>"; };
		1495E7D42B7A405500A7F384 /* SoundOutputManager+Goodies.swift */ = {isa = PBXFileReference; fileEncoding = 4; lastKnownFileType = sourcecode.swift; path = "SoundOutputManager+Goodies.swift"; sourceTree = "<group>"; };
		1495E7D52B7A405500A7F384 /* SoundOutputManager+Properties.swift */ = {isa = PBXFileReference; fileEncoding = 4; lastKnownFileType = sourcecode.swift; path = "SoundOutputManager+Properties.swift"; sourceTree = "<group>"; };
		1495E7E02B7B0AEA00A7F384 /* Info.plist */ = {isa = PBXFileReference; lastKnownFileType = text.plist; path = Info.plist; sourceTree = "<group>"; };
		14CDE3F62B7A0F6200426E02 /* DynamicBangs.app */ = {isa = PBXFileReference; explicitFileType = wrapper.application; includeInIndex = 0; path = DynamicBangs.app; sourceTree = BUILT_PRODUCTS_DIR; };
		14CDE3F92B7A0F6200426E02 /* DynamicBangsApp.swift */ = {isa = PBXFileReference; lastKnownFileType = sourcecode.swift; path = DynamicBangsApp.swift; sourceTree = "<group>"; };
		14CDE3FB2B7A0F6200426E02 /* ContentView.swift */ = {isa = PBXFileReference; lastKnownFileType = sourcecode.swift; path = ContentView.swift; sourceTree = "<group>"; };
		14CDE3FD2B7A0F6400426E02 /* Assets.xcassets */ = {isa = PBXFileReference; lastKnownFileType = folder.assetcatalog; path = Assets.xcassets; sourceTree = "<group>"; };
		14CDE4002B7A0F6400426E02 /* Preview Assets.xcassets */ = {isa = PBXFileReference; lastKnownFileType = folder.assetcatalog; path = "Preview Assets.xcassets"; sourceTree = "<group>"; };
		14CDE4022B7A0F6400426E02 /* DynamicBangs.entitlements */ = {isa = PBXFileReference; lastKnownFileType = text.plist.entitlements; path = DynamicBangs.entitlements; sourceTree = "<group>"; };
		14CDE4082B7A0F8500426E02 /* SettingView.swift */ = {isa = PBXFileReference; lastKnownFileType = sourcecode.swift; path = SettingView.swift; sourceTree = "<group>"; };
/* End PBXFileReference section */

/* Begin PBXFrameworksBuildPhase section */
		14CDE3F32B7A0F6200426E02 /* Frameworks */ = {
			isa = PBXFrameworksBuildPhase;
			buildActionMask = 2147483647;
			files = (
				1495E7DD2B7A695D00A7F384 /* MediaRemote in Frameworks */,
				1495E7DF2B7A695D00A7F384 /* PrivateMediaRemote in Frameworks */,
				1495E7E62B7B285400A7F384 /* MediaKeyTap in Frameworks */,
			);
			runOnlyForDeploymentPostprocessing = 0;
		};
/* End PBXFrameworksBuildPhase section */

/* Begin PBXGroup section */
		14089BA32B7DA02400C7B89E /* MCL */ = {
			isa = PBXGroup;
			children = (
				14089BB22B7DA70C00C7B89E /* Enums */,
				14089BAF2B7DA70C00C7B89E /* Extensions */,
				14089BB42B7DA70C00C7B89E /* Model */,
				14089BAA2B7DA70C00C7B89E /* Support */,
			);
			path = MCL;
			sourceTree = "<group>";
		};
		14089BAA2B7DA70C00C7B89E /* Support */ = {
			isa = PBXGroup;
			children = (
				14089BA42B7DA70C00C7B89E /* AppDelegate.swift */,
				14089BA52B7DA70C00C7B89E /* Bridging-Header.h */,
				14089BA62B7DA70C00C7B89E /* DisplayManager.swift */,
			);
			path = Support;
			sourceTree = "<group>";
		};
		14089BAF2B7DA70C00C7B89E /* Extensions */ = {
			isa = PBXGroup;
			children = (
				14089BAB2B7DA70C00C7B89E /* CGDirectDisplayID+Extension.swift */,
				14089BAD2B7DA70C00C7B89E /* NSScreen+Extension.swift */,
			);
			path = Extensions;
			sourceTree = "<group>";
		};
		14089BB22B7DA70C00C7B89E /* Enums */ = {
			isa = PBXGroup;
			children = (
				14089BB02B7DA70C00C7B89E /* Command.swift */,
			);
			path = Enums;
			sourceTree = "<group>";
		};
		14089BB42B7DA70C00C7B89E /* Model */ = {
			isa = PBXGroup;
			children = (
				14089BB32B7DA70C00C7B89E /* Display.swift */,
			);
			path = Model;
			sourceTree = "<group>";
		};
		14225EE12B7F37C8001DF906 /* Content */ = {
			isa = PBXGroup;
			children = (
				14225EEA2B7F3861001DF906 /* mediaView.swift */,
				14225EF52B7F4667001DF906 /* BetterInfoView.swift */,
				14225EEC2B7F39E4001DF906 /* InfoFunctionFloatSetView.swift */,
				14225EE82B7F3803001DF906 /* isLandView.swift */,
				14225EE62B7F37FB001DF906 /* islandContentView.swift */,
				14225EE42B7F37E7001DF906 /* musicImageView.swift */,
				14225EE22B7F37D6001DF906 /* BangsShape.swift */,
			);
			path = Content;
			sourceTree = "<group>";
		};
		14225EF12B7F402B001DF906 /* PreferenceKey */ = {
			isa = PBXGroup;
			children = (
				14225EEE2B7F402B001DF906 /* RectPreferenceKey.swift */,
				14225EEF2B7F402B001DF906 /* SizePreferenceKey.swift */,
				14225EF02B7F402B001DF906 /* View+Geometry.swift */,
			);
			path = PreferenceKey;
			sourceTree = "<group>";
		};
		1495E7D62B7A405500A7F384 /* ISSoundAdditions */ = {
			isa = PBXGroup;
			children = (
				1495E7D22B7A405500A7F384 /* Sound.swift */,
				1495E7D32B7A405500A7F384 /* SoundOutputManager.swift */,
				1495E7D42B7A405500A7F384 /* SoundOutputManager+Goodies.swift */,
				1495E7D52B7A405500A7F384 /* SoundOutputManager+Properties.swift */,
			);
			path = ISSoundAdditions;
			sourceTree = "<group>";
		};
		1495E7E72B7B35B200A7F384 /* Frameworks */ = {
			isa = PBXGroup;
			children = (
			);
			name = Frameworks;
			sourceTree = "<group>";
		};
		14CDE3ED2B7A0F6200426E02 = {
			isa = PBXGroup;
			children = (
				14CDE3F82B7A0F6200426E02 /* DynamicBangs */,
				14CDE3F72B7A0F6200426E02 /* Products */,
				1495E7E72B7B35B200A7F384 /* Frameworks */,
			);
			sourceTree = "<group>";
		};
		14CDE3F72B7A0F6200426E02 /* Products */ = {
			isa = PBXGroup;
			children = (
				14CDE3F62B7A0F6200426E02 /* DynamicBangs.app */,
			);
			name = Products;
			sourceTree = "<group>";
		};
		14CDE3F82B7A0F6200426E02 /* DynamicBangs */ = {
			isa = PBXGroup;
			children = (
				1495E7E02B7B0AEA00A7F384 /* Info.plist */,
				14CDE3F92B7A0F6200426E02 /* DynamicBangsApp.swift */,
				14089BA32B7DA02400C7B89E /* MCL */,
				14CDE4082B7A0F8500426E02 /* SettingView.swift */,
				1495E7D02B7A291100A7F384 /* menuButton.swift */,
				14CDE3FB2B7A0F6200426E02 /* ContentView.swift */,
				14225EF12B7F402B001DF906 /* PreferenceKey */,
				14225EE12B7F37C8001DF906 /* Content */,
				14225EDF2B7F37B7001DF906 /* Ex-View.swift */,
				14CDE3FD2B7A0F6400426E02 /* Assets.xcassets */,
				14CDE4022B7A0F6400426E02 /* DynamicBangs.entitlements */,
				1495E7D62B7A405500A7F384 /* ISSoundAdditions */,
				14CDE3FF2B7A0F6400426E02 /* Preview Content */,
			);
			path = DynamicBangs;
			sourceTree = "<group>";
		};
		14CDE3FF2B7A0F6400426E02 /* Preview Content */ = {
			isa = PBXGroup;
			children = (
				14CDE4002B7A0F6400426E02 /* Preview Assets.xcassets */,
			);
			path = "Preview Content";
			sourceTree = "<group>";
		};
/* End PBXGroup section */

/* Begin PBXNativeTarget section */
		14CDE3F52B7A0F6200426E02 /* DynamicBangs */ = {
			isa = PBXNativeTarget;
			buildConfigurationList = 14CDE4052B7A0F6400426E02 /* Build configuration list for PBXNativeTarget "DynamicBangs" */;
			buildPhases = (
				14CDE3F22B7A0F6200426E02 /* Sources */,
				14CDE3F32B7A0F6200426E02 /* Frameworks */,
				14CDE3F42B7A0F6200426E02 /* Resources */,
				1495E7EC2B7B35D400A7F384 /* Embed Frameworks */,
			);
			buildRules = (
			);
			dependencies = (
			);
			name = DynamicBangs;
			packageProductDependencies = (
				1495E7DC2B7A695D00A7F384 /* MediaRemote */,
				1495E7DE2B7A695D00A7F384 /* PrivateMediaRemote */,
				1495E7E52B7B285400A7F384 /* MediaKeyTap */,
			);
			productName = DynamicBangs;
			productReference = 14CDE3F62B7A0F6200426E02 /* DynamicBangs.app */;
			productType = "com.apple.product-type.application";
		};
/* End PBXNativeTarget section */

/* Begin PBXProject section */
		14CDE3EE2B7A0F6200426E02 /* Project object */ = {
			isa = PBXProject;
			attributes = {
				BuildIndependentTargetsInParallel = 1;
				LastSwiftUpdateCheck = 1530;
				LastUpgradeCheck = 1530;
				TargetAttributes = {
					14CDE3F52B7A0F6200426E02 = {
						CreatedOnToolsVersion = 15.3;
						LastSwiftMigration = 1530;
					};
				};
			};
			buildConfigurationList = 14CDE3F12B7A0F6200426E02 /* Build configuration list for PBXProject "DynamicBangs" */;
			compatibilityVersion = "Xcode 15.0";
			developmentRegion = en;
			hasScannedForEncodings = 0;
			knownRegions = (
				en,
				Base,
			);
			mainGroup = 14CDE3ED2B7A0F6200426E02;
			packageReferences = (
				1495E7DB2B7A695D00A7F384 /* XCRemoteSwiftPackageReference "MediaRemote" */,
				1495E7E42B7B285400A7F384 /* XCLocalSwiftPackageReference "../../Packge/MediaKeyTap" */,
			);
			productRefGroup = 14CDE3F72B7A0F6200426E02 /* Products */;
			projectDirPath = "";
			projectRoot = "";
			targets = (
				14CDE3F52B7A0F6200426E02 /* DynamicBangs */,
			);
		};
/* End PBXProject section */

/* Begin PBXResourcesBuildPhase section */
		14CDE3F42B7A0F6200426E02 /* Resources */ = {
			isa = PBXResourcesBuildPhase;
			buildActionMask = 2147483647;
			files = (
				14CDE4012B7A0F6400426E02 /* Preview Assets.xcassets in Resources */,
				14CDE3FE2B7A0F6400426E02 /* Assets.xcassets in Resources */,
			);
			runOnlyForDeploymentPostprocessing = 0;
		};
/* End PBXResourcesBuildPhase section */

/* Begin PBXSourcesBuildPhase section */
		14CDE3F22B7A0F6200426E02 /* Sources */ = {
			isa = PBXSourcesBuildPhase;
			buildActionMask = 2147483647;
			files = (
				1495E7D72B7A405500A7F384 /* Sound.swift in Sources */,
				14225EE92B7F3803001DF906 /* isLandView.swift in Sources */,
				1495E7D12B7A291100A7F384 /* menuButton.swift in Sources */,
				14225EF32B7F402B001DF906 /* SizePreferenceKey.swift in Sources */,
				14CDE4092B7A0F8500426E02 /* SettingView.swift in Sources */,
				14089BBE2B7DA70C00C7B89E /* Command.swift in Sources */,
				14225EED2B7F39E4001DF906 /* InfoFunctionFloatSetView.swift in Sources */,
				14225EE02B7F37B7001DF906 /* Ex-View.swift in Sources */,
				14225EEB2B7F3861001DF906 /* mediaView.swift in Sources */,
				14089BBA2B7DA70C00C7B89E /* CGDirectDisplayID+Extension.swift in Sources */,
				14089BB52B7DA70C00C7B89E /* AppDelegate.swift in Sources */,
				14225EE52B7F37E7001DF906 /* musicImageView.swift in Sources */,
				14225EE32B7F37D6001DF906 /* BangsShape.swift in Sources */,
				1495E7DA2B7A405500A7F384 /* SoundOutputManager+Properties.swift in Sources */,
				14089BC02B7DA70C00C7B89E /* Display.swift in Sources */,
				14CDE3FC2B7A0F6200426E02 /* ContentView.swift in Sources */,
				14225EF42B7F402B001DF906 /* View+Geometry.swift in Sources */,
				14089BB62B7DA70C00C7B89E /* DisplayManager.swift in Sources */,
				14225EE72B7F37FB001DF906 /* islandContentView.swift in Sources */,
				14089BBC2B7DA70C00C7B89E /* NSScreen+Extension.swift in Sources */,
				1495E7D82B7A405500A7F384 /* SoundOutputManager.swift in Sources */,
				14225EF62B7F4667001DF906 /* BetterInfoView.swift in Sources */,
				14CDE3FA2B7A0F6200426E02 /* DynamicBangsApp.swift in Sources */,
				14225EF22B7F402B001DF906 /* RectPreferenceKey.swift in Sources */,
				1495E7D92B7A405500A7F384 /* SoundOutputManager+Goodies.swift in Sources */,
			);
			runOnlyForDeploymentPostprocessing = 0;
		};
/* End PBXSourcesBuildPhase section */

/* Begin XCBuildConfiguration section */
		14CDE4032B7A0F6400426E02 /* Debug */ = {
			isa = XCBuildConfiguration;
			buildSettings = {
				ALWAYS_SEARCH_USER_PATHS = NO;
				ASSETCATALOG_COMPILER_GENERATE_SWIFT_ASSET_SYMBOL_EXTENSIONS = YES;
				CLANG_ANALYZER_NONNULL = YES;
				CLANG_ANALYZER_NUMBER_OBJECT_CONVERSION = YES_AGGRESSIVE;
				CLANG_CXX_LANGUAGE_STANDARD = "gnu++20";
				CLANG_ENABLE_MODULES = YES;
				CLANG_ENABLE_OBJC_ARC = YES;
				CLANG_ENABLE_OBJC_WEAK = YES;
				CLANG_WARN_BLOCK_CAPTURE_AUTORELEASING = YES;
				CLANG_WARN_BOOL_CONVERSION = YES;
				CLANG_WARN_COMMA = YES;
				CLANG_WARN_CONSTANT_CONVERSION = YES;
				CLANG_WARN_DEPRECATED_OBJC_IMPLEMENTATIONS = YES;
				CLANG_WARN_DIRECT_OBJC_ISA_USAGE = YES_ERROR;
				CLANG_WARN_DOCUMENTATION_COMMENTS = YES;
				CLANG_WARN_EMPTY_BODY = YES;
				CLANG_WARN_ENUM_CONVERSION = YES;
				CLANG_WARN_INFINITE_RECURSION = YES;
				CLANG_WARN_INT_CONVERSION = YES;
				CLANG_WARN_NON_LITERAL_NULL_CONVERSION = YES;
				CLANG_WARN_OBJC_IMPLICIT_RETAIN_SELF = YES;
				CLANG_WARN_OBJC_LITERAL_CONVERSION = YES;
				CLANG_WARN_OBJC_ROOT_CLASS = YES_ERROR;
				CLANG_WARN_QUOTED_INCLUDE_IN_FRAMEWORK_HEADER = YES;
				CLANG_WARN_RANGE_LOOP_ANALYSIS = YES;
				CLANG_WARN_STRICT_PROTOTYPES = YES;
				CLANG_WARN_SUSPICIOUS_MOVE = YES;
				CLANG_WARN_UNGUARDED_AVAILABILITY = YES_AGGRESSIVE;
				CLANG_WARN_UNREACHABLE_CODE = YES;
				CLANG_WARN__DUPLICATE_METHOD_MATCH = YES;
				COPY_PHASE_STRIP = NO;
				DEBUG_INFORMATION_FORMAT = dwarf;
				ENABLE_STRICT_OBJC_MSGSEND = YES;
				ENABLE_TESTABILITY = YES;
				ENABLE_USER_SCRIPT_SANDBOXING = YES;
				GCC_C_LANGUAGE_STANDARD = gnu17;
				GCC_DYNAMIC_NO_PIC = NO;
				GCC_NO_COMMON_BLOCKS = YES;
				GCC_OPTIMIZATION_LEVEL = 0;
				GCC_PREPROCESSOR_DEFINITIONS = (
					"DEBUG=1",
					"$(inherited)",
				);
				GCC_WARN_64_TO_32_BIT_CONVERSION = YES;
				GCC_WARN_ABOUT_RETURN_TYPE = YES_ERROR;
				GCC_WARN_UNDECLARED_SELECTOR = YES;
				GCC_WARN_UNINITIALIZED_AUTOS = YES_AGGRESSIVE;
				GCC_WARN_UNUSED_FUNCTION = YES;
				GCC_WARN_UNUSED_VARIABLE = YES;
				LOCALIZATION_PREFERS_STRING_CATALOGS = YES;
				MACOSX_DEPLOYMENT_TARGET = 13.0;
				MTL_ENABLE_DEBUG_INFO = INCLUDE_SOURCE;
				MTL_FAST_MATH = YES;
				ONLY_ACTIVE_ARCH = YES;
				SDKROOT = macosx;
				SWIFT_ACTIVE_COMPILATION_CONDITIONS = "DEBUG $(inherited)";
				SWIFT_OPTIMIZATION_LEVEL = "-Onone";
			};
			name = Debug;
		};
		14CDE4042B7A0F6400426E02 /* Release */ = {
			isa = XCBuildConfiguration;
			buildSettings = {
				ALWAYS_SEARCH_USER_PATHS = NO;
				ASSETCATALOG_COMPILER_GENERATE_SWIFT_ASSET_SYMBOL_EXTENSIONS = YES;
				CLANG_ANALYZER_NONNULL = YES;
				CLANG_ANALYZER_NUMBER_OBJECT_CONVERSION = YES_AGGRESSIVE;
				CLANG_CXX_LANGUAGE_STANDARD = "gnu++20";
				CLANG_ENABLE_MODULES = YES;
				CLANG_ENABLE_OBJC_ARC = YES;
				CLANG_ENABLE_OBJC_WEAK = YES;
				CLANG_WARN_BLOCK_CAPTURE_AUTORELEASING = YES;
				CLANG_WARN_BOOL_CONVERSION = YES;
				CLANG_WARN_COMMA = YES;
				CLANG_WARN_CONSTANT_CONVERSION = YES;
				CLANG_WARN_DEPRECATED_OBJC_IMPLEMENTATIONS = YES;
				CLANG_WARN_DIRECT_OBJC_ISA_USAGE = YES_ERROR;
				CLANG_WARN_DOCUMENTATION_COMMENTS = YES;
				CLANG_WARN_EMPTY_BODY = YES;
				CLANG_WARN_ENUM_CONVERSION = YES;
				CLANG_WARN_INFINITE_RECURSION = YES;
				CLANG_WARN_INT_CONVERSION = YES;
				CLANG_WARN_NON_LITERAL_NULL_CONVERSION = YES;
				CLANG_WARN_OBJC_IMPLICIT_RETAIN_SELF = YES;
				CLANG_WARN_OBJC_LITERAL_CONVERSION = YES;
				CLANG_WARN_OBJC_ROOT_CLASS = YES_ERROR;
				CLANG_WARN_QUOTED_INCLUDE_IN_FRAMEWORK_HEADER = YES;
				CLANG_WARN_RANGE_LOOP_ANALYSIS = YES;
				CLANG_WARN_STRICT_PROTOTYPES = YES;
				CLANG_WARN_SUSPICIOUS_MOVE = YES;
				CLANG_WARN_UNGUARDED_AVAILABILITY = YES_AGGRESSIVE;
				CLANG_WARN_UNREACHABLE_CODE = YES;
				CLANG_WARN__DUPLICATE_METHOD_MATCH = YES;
				COPY_PHASE_STRIP = NO;
				DEBUG_INFORMATION_FORMAT = "dwarf-with-dsym";
				ENABLE_NS_ASSERTIONS = NO;
				ENABLE_STRICT_OBJC_MSGSEND = YES;
				ENABLE_USER_SCRIPT_SANDBOXING = YES;
				GCC_C_LANGUAGE_STANDARD = gnu17;
				GCC_NO_COMMON_BLOCKS = YES;
				GCC_WARN_64_TO_32_BIT_CONVERSION = YES;
				GCC_WARN_ABOUT_RETURN_TYPE = YES_ERROR;
				GCC_WARN_UNDECLARED_SELECTOR = YES;
				GCC_WARN_UNINITIALIZED_AUTOS = YES_AGGRESSIVE;
				GCC_WARN_UNUSED_FUNCTION = YES;
				GCC_WARN_UNUSED_VARIABLE = YES;
				LOCALIZATION_PREFERS_STRING_CATALOGS = YES;
				MACOSX_DEPLOYMENT_TARGET = 13.0;
				MTL_ENABLE_DEBUG_INFO = NO;
				MTL_FAST_MATH = YES;
				SDKROOT = macosx;
				SWIFT_COMPILATION_MODE = wholemodule;
			};
			name = Release;
		};
		14CDE4062B7A0F6400426E02 /* Debug */ = {
			isa = XCBuildConfiguration;
			buildSettings = {
				ASSETCATALOG_COMPILER_APPICON_NAME = AppIcon;
				ASSETCATALOG_COMPILER_GLOBAL_ACCENT_COLOR_NAME = AccentColor;
				CLANG_ENABLE_MODULES = YES;
				CODE_SIGN_ENTITLEMENTS = DynamicBangs/DynamicBangs.entitlements;
				"CODE_SIGN_IDENTITY[sdk=macosx*]" = "Apple Development";
				CODE_SIGN_STYLE = Automatic;
				COMBINE_HIDPI_IMAGES = YES;
				CURRENT_PROJECT_VERSION = 1;
				DEVELOPMENT_ASSET_PATHS = "\"DynamicBangs/Preview Content\"";
				DEVELOPMENT_TEAM = Z4VBK6ZH5F;
				ENABLE_HARDENED_RUNTIME = YES;
				ENABLE_PREVIEWS = YES;
				FRAMEWORK_SEARCH_PATHS = (
					"$(inherited)",
					"$(PROJECT_DIR)",
				);
				GENERATE_INFOPLIST_FILE = YES;
				INFOPLIST_FILE = DynamicBangs/Info.plist;
				INFOPLIST_KEY_CFBundleDisplayName = "灵动刘海";
				INFOPLIST_KEY_LSApplicationCategoryType = "public.app-category.utilities";
				INFOPLIST_KEY_LSUIElement = YES;
				INFOPLIST_KEY_NSAppleEventsUsageDescription = "提供定制的刘海音量调整";
				INFOPLIST_KEY_NSHumanReadableCopyright = "";
				LD_RUNPATH_SEARCH_PATHS = (
					"$(inherited)",
					"@executable_path/../Frameworks",
				);
				MACOSX_DEPLOYMENT_TARGET = 13.0;
				MARKETING_VERSION = 0.0.4;
				PRODUCT_BUNDLE_IDENTIFIER = cn.huaxiadaqian.DynamicBangs;
				PRODUCT_NAME = "$(TARGET_NAME)";
				SWIFT_EMIT_LOC_STRINGS = YES;
				SWIFT_OBJC_BRIDGING_HEADER = "";
				SWIFT_OPTIMIZATION_LEVEL = "-Onone";
				SWIFT_VERSION = 5.0;
			};
			name = Debug;
		};
		14CDE4072B7A0F6400426E02 /* Release */ = {
			isa = XCBuildConfiguration;
			buildSettings = {
				ASSETCATALOG_COMPILER_APPICON_NAME = AppIcon;
				ASSETCATALOG_COMPILER_GLOBAL_ACCENT_COLOR_NAME = AccentColor;
				CLANG_ENABLE_MODULES = YES;
				CODE_SIGN_ENTITLEMENTS = DynamicBangs/DynamicBangs.entitlements;
				"CODE_SIGN_IDENTITY[sdk=macosx*]" = "Apple Development";
				CODE_SIGN_STYLE = Automatic;
				COMBINE_HIDPI_IMAGES = YES;
				CURRENT_PROJECT_VERSION = 1;
				DEVELOPMENT_ASSET_PATHS = "\"DynamicBangs/Preview Content\"";
				DEVELOPMENT_TEAM = Z4VBK6ZH5F;
				ENABLE_HARDENED_RUNTIME = YES;
				ENABLE_PREVIEWS = YES;
				FRAMEWORK_SEARCH_PATHS = (
					"$(inherited)",
					"$(PROJECT_DIR)",
				);
				GENERATE_INFOPLIST_FILE = YES;
				INFOPLIST_FILE = DynamicBangs/Info.plist;
				INFOPLIST_KEY_CFBundleDisplayName = "灵动刘海";
				INFOPLIST_KEY_LSApplicationCategoryType = "public.app-category.utilities";
				INFOPLIST_KEY_LSUIElement = YES;
				INFOPLIST_KEY_NSAppleEventsUsageDescription = "提供定制的刘海音量调整";
				INFOPLIST_KEY_NSHumanReadableCopyright = "";
				LD_RUNPATH_SEARCH_PATHS = (
					"$(inherited)",
					"@executable_path/../Frameworks",
				);
				MACOSX_DEPLOYMENT_TARGET = 13.0;
				MARKETING_VERSION = 0.0.4;
				PRODUCT_BUNDLE_IDENTIFIER = cn.huaxiadaqian.DynamicBangs;
				PRODUCT_NAME = "$(TARGET_NAME)";
				SWIFT_EMIT_LOC_STRINGS = YES;
				SWIFT_OBJC_BRIDGING_HEADER = "";
				SWIFT_VERSION = 5.0;
			};
			name = Release;
		};
/* End XCBuildConfiguration section */

/* Begin XCConfigurationList section */
		14CDE3F12B7A0F6200426E02 /* Build configuration list for PBXProject "DynamicBangs" */ = {
			isa = XCConfigurationList;
			buildConfigurations = (
				14CDE4032B7A0F6400426E02 /* Debug */,
				14CDE4042B7A0F6400426E02 /* Release */,
			);
			defaultConfigurationIsVisible = 0;
			defaultConfigurationName = Release;
		};
		14CDE4052B7A0F6400426E02 /* Build configuration list for PBXNativeTarget "DynamicBangs" */ = {
			isa = XCConfigurationList;
			buildConfigurations = (
				14CDE4062B7A0F6400426E02 /* Debug */,
				14CDE4072B7A0F6400426E02 /* Release */,
			);
			defaultConfigurationIsVisible = 0;
			defaultConfigurationName = Release;
		};
/* End XCConfigurationList section */

/* Begin XCLocalSwiftPackageReference section */
		1495E7E42B7B285400A7F384 /* XCLocalSwiftPackageReference "../../Packge/MediaKeyTap" */ = {
			isa = XCLocalSwiftPackageReference;
			relativePath = ../../Packge/MediaKeyTap;
		};
/* End XCLocalSwiftPackageReference section */

/* Begin XCRemoteSwiftPackageReference section */
		1495E7DB2B7A695D00A7F384 /* XCRemoteSwiftPackageReference "MediaRemote" */ = {
			isa = XCRemoteSwiftPackageReference;
			repositoryURL = "https://github.com/PrivateFrameworks/MediaRemote";
			requirement = {
				kind = upToNextMajorVersion;
				minimumVersion = 0.1.0;
			};
		};
/* End XCRemoteSwiftPackageReference section */

/* Begin XCSwiftPackageProductDependency section */
		1495E7DC2B7A695D00A7F384 /* MediaRemote */ = {
			isa = XCSwiftPackageProductDependency;
			package = 1495E7DB2B7A695D00A7F384 /* XCRemoteSwiftPackageReference "MediaRemote" */;
			productName = MediaRemote;
		};
		1495E7DE2B7A695D00A7F384 /* PrivateMediaRemote */ = {
			isa = XCSwiftPackageProductDependency;
			package = 1495E7DB2B7A695D00A7F384 /* XCRemoteSwiftPackageReference "MediaRemote" */;
			productName = PrivateMediaRemote;
		};
		1495E7E52B7B285400A7F384 /* MediaKeyTap */ = {
			isa = XCSwiftPackageProductDependency;
			productName = MediaKeyTap;
		};
/* End XCSwiftPackageProductDependency section */
	};
	rootObject = 14CDE3EE2B7A0F6200426E02 /* Project object */;
}
