// !$*UTF8*$!
{
	archiveVersion = 1;
	classes = {
	};
	objectVersion = 60;
	objects = {

/* Begin PBXBuildFile section */
		140EFF3A2C2D465C0053EB9C /* filesCopyView.swift in Sources */ = {isa = PBXBuildFile; fileRef = 140EFF392C2D465C0053EB9C /* filesCopyView.swift */; };
		14102DA72B8081020011A842 /* MediaRemote in Frameworks */ = {isa = PBXBuildFile; productRef = 14102DA62B8081020011A842 /* MediaRemote */; };
		14513C4D2B80722400446074 /* PrivateMediaRemote in Frameworks */ = {isa = PBXBuildFile; productRef = 14513C4C2B80722400446074 /* PrivateMediaRemote */; };
		149C12722B805C6A0092F102 /* DynamicBangsApp.swift in Sources */ = {isa = PBXBuildFile; fileRef = 149C12712B805C6A0092F102 /* DynamicBangsApp.swift */; };
		149C12742B805C6A0092F102 /* ContentView.swift in Sources */ = {isa = PBXBuildFile; fileRef = 149C12732B805C6A0092F102 /* ContentView.swift */; };
		149C12762B805C6C0092F102 /* Assets.xcassets in Resources */ = {isa = PBXBuildFile; fileRef = 149C12752B805C6C0092F102 /* Assets.xcassets */; };
		149C12792B805C6C0092F102 /* Preview Assets.xcassets in Resources */ = {isa = PBXBuildFile; fileRef = 149C12782B805C6C0092F102 /* Preview Assets.xcassets */; };
		149C12AB2B805CC50092F102 /* SoundOutputManager+Goodies.swift in Sources */ = {isa = PBXBuildFile; fileRef = 149C12862B805CC50092F102 /* SoundOutputManager+Goodies.swift */; };
		149C12AC2B805CC50092F102 /* SoundOutputManager.swift in Sources */ = {isa = PBXBuildFile; fileRef = 149C12872B805CC50092F102 /* SoundOutputManager.swift */; };
		149C12AD2B805CC50092F102 /* Sound.swift in Sources */ = {isa = PBXBuildFile; fileRef = 149C12882B805CC50092F102 /* Sound.swift */; };
		149C12AE2B805CC50092F102 /* SoundOutputManager+Properties.swift in Sources */ = {isa = PBXBuildFile; fileRef = 149C12892B805CC50092F102 /* SoundOutputManager+Properties.swift */; };
		149C12AF2B805CC50092F102 /* Command.swift in Sources */ = {isa = PBXBuildFile; fileRef = 149C128C2B805CC50092F102 /* Command.swift */; };
		149C12B02B805CC50092F102 /* NSScreen+Extension.swift in Sources */ = {isa = PBXBuildFile; fileRef = 149C128E2B805CC50092F102 /* NSScreen+Extension.swift */; };
		149C12B12B805CC50092F102 /* CGDirectDisplayID+Extension.swift in Sources */ = {isa = PBXBuildFile; fileRef = 149C128F2B805CC50092F102 /* CGDirectDisplayID+Extension.swift */; };
		149C12B22B805CC50092F102 /* DisplayManager.swift in Sources */ = {isa = PBXBuildFile; fileRef = 149C12912B805CC50092F102 /* DisplayManager.swift */; };
		149C12B32B805CC50092F102 /* AppDelegate.swift in Sources */ = {isa = PBXBuildFile; fileRef = 149C12922B805CC50092F102 /* AppDelegate.swift */; };
		149C12B42B805CC50092F102 /* Display.swift in Sources */ = {isa = PBXBuildFile; fileRef = 149C12952B805CC50092F102 /* Display.swift */; };
		149C12B52B805CC50092F102 /* menuButton.swift in Sources */ = {isa = PBXBuildFile; fileRef = 149C12962B805CC50092F102 /* menuButton.swift */; };
		149C12B62B805CC50092F102 /* Ex-View.swift in Sources */ = {isa = PBXBuildFile; fileRef = 149C12972B805CC50092F102 /* Ex-View.swift */; };
		149C12B72B805CC50092F102 /* SettingView.swift in Sources */ = {isa = PBXBuildFile; fileRef = 149C12982B805CC50092F102 /* SettingView.swift */; };
		149C12B82B805CC50092F102 /* musicImageView.swift in Sources */ = {isa = PBXBuildFile; fileRef = 149C129A2B805CC50092F102 /* musicImageView.swift */; };
		149C12B92B805CC50092F102 /* mediaView.swift in Sources */ = {isa = PBXBuildFile; fileRef = 149C129B2B805CC50092F102 /* mediaView.swift */; };
		149C12BA2B805CC50092F102 /* InfoFunctionFloatSetView.swift in Sources */ = {isa = PBXBuildFile; fileRef = 149C129C2B805CC50092F102 /* InfoFunctionFloatSetView.swift */; };
		149C12BB2B805CC50092F102 /* BangsShape.swift in Sources */ = {isa = PBXBuildFile; fileRef = 149C129D2B805CC50092F102 /* BangsShape.swift */; };
		149C12BD2B805CC50092F102 /* BetterInfoView.swift in Sources */ = {isa = PBXBuildFile; fileRef = 149C129F2B805CC50092F102 /* BetterInfoView.swift */; };
		149C12BE2B805CC50092F102 /* isLandView.swift in Sources */ = {isa = PBXBuildFile; fileRef = 149C12A02B805CC50092F102 /* isLandView.swift */; };
		149C12BF2B805CC50092F102 /* NSEventExtensions.swift in Sources */ = {isa = PBXBuildFile; fileRef = 149C12A22B805CC50092F102 /* NSEventExtensions.swift */; };
		149C12C02B805CC50092F102 /* MediaKeyTapInternals.swift in Sources */ = {isa = PBXBuildFile; fileRef = 149C12A42B805CC50092F102 /* MediaKeyTapInternals.swift */; };
		149C12C12B805CC50092F102 /* MediaKeyTap.swift in Sources */ = {isa = PBXBuildFile; fileRef = 149C12A52B805CC50092F102 /* MediaKeyTap.swift */; };
		149C12C22B805CC50092F102 /* MediaApplicationWatcher.swift in Sources */ = {isa = PBXBuildFile; fileRef = 149C12A62B805CC50092F102 /* MediaApplicationWatcher.swift */; };
		149C12C32B805CC50092F102 /* View+Geometry.swift in Sources */ = {isa = PBXBuildFile; fileRef = 149C12A82B805CC50092F102 /* View+Geometry.swift */; };
		149C12C42B805CC50092F102 /* RectPreferenceKey.swift in Sources */ = {isa = PBXBuildFile; fileRef = 149C12A92B805CC50092F102 /* RectPreferenceKey.swift */; };
		149C12C52B805CC50092F102 /* SizePreferenceKey.swift in Sources */ = {isa = PBXBuildFile; fileRef = 149C12AA2B805CC50092F102 /* SizePreferenceKey.swift */; };
		14C320152B85B1810016AD8C /* main.swift in Sources */ = {isa = PBXBuildFile; fileRef = 14C320142B85B1810016AD8C /* main.swift */; };
		14C320172B85B4AA0016AD8C /* messageView.swift in Sources */ = {isa = PBXBuildFile; fileRef = 14C320162B85B4AA0016AD8C /* messageView.swift */; };
		14E263782B81BBBA00CA6809 /* FirstShowView.swift in Sources */ = {isa = PBXBuildFile; fileRef = 14E263772B81BBBA00CA6809 /* FirstShowView.swift */; };
		14E2637F2B82122B00CA6809 /* 工作室.swift in Sources */ = {isa = PBXBuildFile; fileRef = 14E2637E2B82122B00CA6809 /* 工作室.swift */; };
		14E263812B82123200CA6809 /* 关于.swift in Sources */ = {isa = PBXBuildFile; fileRef = 14E263802B82123100CA6809 /* 关于.swift */; };
/* End PBXBuildFile section */

/* Begin PBXFileReference section */
		140EFF392C2D465C0053EB9C /* filesCopyView.swift */ = {isa = PBXFileReference; lastKnownFileType = sourcecode.swift; path = filesCopyView.swift; sourceTree = "<group>"; };
		147211E82B80699C000B844C /* MediaPlayer.framework */ = {isa = PBXFileReference; lastKnownFileType = wrapper.framework; name = MediaPlayer.framework; path = System/Library/Frameworks/MediaPlayer.framework; sourceTree = SDKROOT; };
		149C126E2B805C6A0092F102 /* DynamicBangs.app */ = {isa = PBXFileReference; explicitFileType = wrapper.application; includeInIndex = 0; path = DynamicBangs.app; sourceTree = BUILT_PRODUCTS_DIR; };
		149C12712B805C6A0092F102 /* DynamicBangsApp.swift */ = {isa = PBXFileReference; lastKnownFileType = sourcecode.swift; path = DynamicBangsApp.swift; sourceTree = "<group>"; };
		149C12732B805C6A0092F102 /* ContentView.swift */ = {isa = PBXFileReference; lastKnownFileType = sourcecode.swift; path = ContentView.swift; sourceTree = "<group>"; };
		149C12752B805C6C0092F102 /* Assets.xcassets */ = {isa = PBXFileReference; lastKnownFileType = folder.assetcatalog; path = Assets.xcassets; sourceTree = "<group>"; };
		149C12782B805C6C0092F102 /* Preview Assets.xcassets */ = {isa = PBXFileReference; lastKnownFileType = folder.assetcatalog; path = "Preview Assets.xcassets"; sourceTree = "<group>"; };
		149C127A2B805C6C0092F102 /* DynamicBangs.entitlements */ = {isa = PBXFileReference; lastKnownFileType = text.plist.entitlements; path = DynamicBangs.entitlements; sourceTree = "<group>"; };
		149C12862B805CC50092F102 /* SoundOutputManager+Goodies.swift */ = {isa = PBXFileReference; fileEncoding = 4; lastKnownFileType = sourcecode.swift; path = "SoundOutputManager+Goodies.swift"; sourceTree = "<group>"; };
		149C12872B805CC50092F102 /* SoundOutputManager.swift */ = {isa = PBXFileReference; fileEncoding = 4; lastKnownFileType = sourcecode.swift; path = SoundOutputManager.swift; sourceTree = "<group>"; };
		149C12882B805CC50092F102 /* Sound.swift */ = {isa = PBXFileReference; fileEncoding = 4; lastKnownFileType = sourcecode.swift; path = Sound.swift; sourceTree = "<group>"; };
		149C12892B805CC50092F102 /* SoundOutputManager+Properties.swift */ = {isa = PBXFileReference; fileEncoding = 4; lastKnownFileType = sourcecode.swift; path = "SoundOutputManager+Properties.swift"; sourceTree = "<group>"; };
		149C128C2B805CC50092F102 /* Command.swift */ = {isa = PBXFileReference; fileEncoding = 4; lastKnownFileType = sourcecode.swift; path = Command.swift; sourceTree = "<group>"; };
		149C128E2B805CC50092F102 /* NSScreen+Extension.swift */ = {isa = PBXFileReference; fileEncoding = 4; lastKnownFileType = sourcecode.swift; path = "NSScreen+Extension.swift"; sourceTree = "<group>"; };
		149C128F2B805CC50092F102 /* CGDirectDisplayID+Extension.swift */ = {isa = PBXFileReference; fileEncoding = 4; lastKnownFileType = sourcecode.swift; path = "CGDirectDisplayID+Extension.swift"; sourceTree = "<group>"; };
		149C12912B805CC50092F102 /* DisplayManager.swift */ = {isa = PBXFileReference; fileEncoding = 4; lastKnownFileType = sourcecode.swift; path = DisplayManager.swift; sourceTree = "<group>"; };
		149C12922B805CC50092F102 /* AppDelegate.swift */ = {isa = PBXFileReference; fileEncoding = 4; lastKnownFileType = sourcecode.swift; path = AppDelegate.swift; sourceTree = "<group>"; };
		149C12932B805CC50092F102 /* Bridging-Header.h */ = {isa = PBXFileReference; fileEncoding = 4; lastKnownFileType = sourcecode.c.h; path = "Bridging-Header.h"; sourceTree = "<group>"; };
		149C12952B805CC50092F102 /* Display.swift */ = {isa = PBXFileReference; fileEncoding = 4; lastKnownFileType = sourcecode.swift; path = Display.swift; sourceTree = "<group>"; };
		149C12962B805CC50092F102 /* menuButton.swift */ = {isa = PBXFileReference; fileEncoding = 4; lastKnownFileType = sourcecode.swift; path = menuButton.swift; sourceTree = "<group>"; };
		149C12972B805CC50092F102 /* Ex-View.swift */ = {isa = PBXFileReference; fileEncoding = 4; lastKnownFileType = sourcecode.swift; path = "Ex-View.swift"; sourceTree = "<group>"; };
		149C12982B805CC50092F102 /* SettingView.swift */ = {isa = PBXFileReference; fileEncoding = 4; lastKnownFileType = sourcecode.swift; path = SettingView.swift; sourceTree = "<group>"; };
		149C129A2B805CC50092F102 /* musicImageView.swift */ = {isa = PBXFileReference; fileEncoding = 4; lastKnownFileType = sourcecode.swift; path = musicImageView.swift; sourceTree = "<group>"; };
		149C129B2B805CC50092F102 /* mediaView.swift */ = {isa = PBXFileReference; fileEncoding = 4; lastKnownFileType = sourcecode.swift; path = mediaView.swift; sourceTree = "<group>"; };
		149C129C2B805CC50092F102 /* InfoFunctionFloatSetView.swift */ = {isa = PBXFileReference; fileEncoding = 4; lastKnownFileType = sourcecode.swift; path = InfoFunctionFloatSetView.swift; sourceTree = "<group>"; };
		149C129D2B805CC50092F102 /* BangsShape.swift */ = {isa = PBXFileReference; fileEncoding = 4; lastKnownFileType = sourcecode.swift; path = BangsShape.swift; sourceTree = "<group>"; };
		149C129F2B805CC50092F102 /* BetterInfoView.swift */ = {isa = PBXFileReference; fileEncoding = 4; lastKnownFileType = sourcecode.swift; path = BetterInfoView.swift; sourceTree = "<group>"; };
		149C12A02B805CC50092F102 /* isLandView.swift */ = {isa = PBXFileReference; fileEncoding = 4; lastKnownFileType = sourcecode.swift; path = isLandView.swift; sourceTree = "<group>"; };
		149C12A22B805CC50092F102 /* NSEventExtensions.swift */ = {isa = PBXFileReference; fileEncoding = 4; lastKnownFileType = sourcecode.swift; path = NSEventExtensions.swift; sourceTree = "<group>"; };
		149C12A42B805CC50092F102 /* MediaKeyTapInternals.swift */ = {isa = PBXFileReference; fileEncoding = 4; lastKnownFileType = sourcecode.swift; path = MediaKeyTapInternals.swift; sourceTree = "<group>"; };
		149C12A52B805CC50092F102 /* MediaKeyTap.swift */ = {isa = PBXFileReference; fileEncoding = 4; lastKnownFileType = sourcecode.swift; path = MediaKeyTap.swift; sourceTree = "<group>"; };
		149C12A62B805CC50092F102 /* MediaApplicationWatcher.swift */ = {isa = PBXFileReference; fileEncoding = 4; lastKnownFileType = sourcecode.swift; path = MediaApplicationWatcher.swift; sourceTree = "<group>"; };
		149C12A82B805CC50092F102 /* View+Geometry.swift */ = {isa = PBXFileReference; fileEncoding = 4; lastKnownFileType = sourcecode.swift; path = "View+Geometry.swift"; sourceTree = "<group>"; };
		149C12A92B805CC50092F102 /* RectPreferenceKey.swift */ = {isa = PBXFileReference; fileEncoding = 4; lastKnownFileType = sourcecode.swift; path = RectPreferenceKey.swift; sourceTree = "<group>"; };
		149C12AA2B805CC50092F102 /* SizePreferenceKey.swift */ = {isa = PBXFileReference; fileEncoding = 4; lastKnownFileType = sourcecode.swift; path = SizePreferenceKey.swift; sourceTree = "<group>"; };
		149C12C72B805E050092F102 /* Info.plist */ = {isa = PBXFileReference; lastKnownFileType = text.plist.xml; path = Info.plist; sourceTree = "<group>"; };
		14C320142B85B1810016AD8C /* main.swift */ = {isa = PBXFileReference; lastKnownFileType = sourcecode.swift; path = main.swift; sourceTree = "<group>"; };
		14C320162B85B4AA0016AD8C /* messageView.swift */ = {isa = PBXFileReference; lastKnownFileType = sourcecode.swift; path = messageView.swift; sourceTree = "<group>"; };
		14E263772B81BBBA00CA6809 /* FirstShowView.swift */ = {isa = PBXFileReference; lastKnownFileType = sourcecode.swift; path = FirstShowView.swift; sourceTree = "<group>"; };
		14E2637E2B82122B00CA6809 /* 工作室.swift */ = {isa = PBXFileReference; fileEncoding = 4; lastKnownFileType = sourcecode.swift; path = "工作室.swift"; sourceTree = "<group>"; };
		14E263802B82123100CA6809 /* 关于.swift */ = {isa = PBXFileReference; fileEncoding = 4; lastKnownFileType = sourcecode.swift; path = "关于.swift"; sourceTree = "<group>"; };
/* End PBXFileReference section */

/* Begin PBXFrameworksBuildPhase section */
		149C126B2B805C6A0092F102 /* Frameworks */ = {
			isa = PBXFrameworksBuildPhase;
			buildActionMask = 2147483647;
			files = (
				14513C4D2B80722400446074 /* PrivateMediaRemote in Frameworks */,
				14102DA72B8081020011A842 /* MediaRemote in Frameworks */,
			);
			runOnlyForDeploymentPostprocessing = 0;
		};
/* End PBXFrameworksBuildPhase section */

/* Begin PBXGroup section */
		149C12652B805C6A0092F102 = {
			isa = PBXGroup;
			children = (
				149C12702B805C6A0092F102 /* DynamicBangs */,
				149C126F2B805C6A0092F102 /* Products */,
				149C12C82B805E140092F102 /* Frameworks */,
			);
			sourceTree = "<group>";
		};
		149C126F2B805C6A0092F102 /* Products */ = {
			isa = PBXGroup;
			children = (
				149C126E2B805C6A0092F102 /* DynamicBangs.app */,
			);
			name = Products;
			sourceTree = "<group>";
		};
		149C12702B805C6A0092F102 /* DynamicBangs */ = {
			isa = PBXGroup;
			children = (
				149C12C72B805E050092F102 /* Info.plist */,
				149C12712B805C6A0092F102 /* DynamicBangsApp.swift */,
				14C320142B85B1810016AD8C /* main.swift */,
				149C12A02B805CC50092F102 /* isLandView.swift */,
				149C12732B805C6A0092F102 /* ContentView.swift */,
				14E263772B81BBBA00CA6809 /* FirstShowView.swift */,
				149C12982B805CC50092F102 /* SettingView.swift */,
				14E2637E2B82122B00CA6809 /* 工作室.swift */,
				14E263802B82123100CA6809 /* 关于.swift */,
				149C12972B805CC50092F102 /* Ex-View.swift */,
				149C12962B805CC50092F102 /* menuButton.swift */,
				149C12992B805CC50092F102 /* Content */,
				149C12852B805CC50092F102 /* ISSoundAdditions */,
				149C128A2B805CC50092F102 /* MCL */,
				149C12A12B805CC50092F102 /* MediaKeyTap */,
				149C12A72B805CC50092F102 /* PreferenceKey */,
				149C12752B805C6C0092F102 /* Assets.xcassets */,
				149C127A2B805C6C0092F102 /* DynamicBangs.entitlements */,
				149C12772B805C6C0092F102 /* Preview Content */,
			);
			path = DynamicBangs;
			sourceTree = "<group>";
		};
		149C12772B805C6C0092F102 /* Preview Content */ = {
			isa = PBXGroup;
			children = (
				149C12782B805C6C0092F102 /* Preview Assets.xcassets */,
			);
			path = "Preview Content";
			sourceTree = "<group>";
		};
		149C12852B805CC50092F102 /* ISSoundAdditions */ = {
			isa = PBXGroup;
			children = (
				149C12862B805CC50092F102 /* SoundOutputManager+Goodies.swift */,
				149C12872B805CC50092F102 /* SoundOutputManager.swift */,
				149C12882B805CC50092F102 /* Sound.swift */,
				149C12892B805CC50092F102 /* SoundOutputManager+Properties.swift */,
			);
			path = ISSoundAdditions;
			sourceTree = "<group>";
		};
		149C128A2B805CC50092F102 /* MCL */ = {
			isa = PBXGroup;
			children = (
				149C128B2B805CC50092F102 /* Enums */,
				149C128D2B805CC50092F102 /* Extensions */,
				149C12902B805CC50092F102 /* Support */,
				149C12942B805CC50092F102 /* Model */,
			);
			path = MCL;
			sourceTree = "<group>";
		};
		149C128B2B805CC50092F102 /* Enums */ = {
			isa = PBXGroup;
			children = (
				149C128C2B805CC50092F102 /* Command.swift */,
			);
			path = Enums;
			sourceTree = "<group>";
		};
		149C128D2B805CC50092F102 /* Extensions */ = {
			isa = PBXGroup;
			children = (
				149C128E2B805CC50092F102 /* NSScreen+Extension.swift */,
				149C128F2B805CC50092F102 /* CGDirectDisplayID+Extension.swift */,
			);
			path = Extensions;
			sourceTree = "<group>";
		};
		149C12902B805CC50092F102 /* Support */ = {
			isa = PBXGroup;
			children = (
				149C12912B805CC50092F102 /* DisplayManager.swift */,
				149C12922B805CC50092F102 /* AppDelegate.swift */,
				149C12932B805CC50092F102 /* Bridging-Header.h */,
			);
			path = Support;
			sourceTree = "<group>";
		};
		149C12942B805CC50092F102 /* Model */ = {
			isa = PBXGroup;
			children = (
				149C12952B805CC50092F102 /* Display.swift */,
			);
			path = Model;
			sourceTree = "<group>";
		};
		149C12992B805CC50092F102 /* Content */ = {
			isa = PBXGroup;
			children = (
				149C129A2B805CC50092F102 /* musicImageView.swift */,
				149C129B2B805CC50092F102 /* mediaView.swift */,
				140EFF392C2D465C0053EB9C /* filesCopyView.swift */,
				14C320162B85B4AA0016AD8C /* messageView.swift */,
				149C129C2B805CC50092F102 /* InfoFunctionFloatSetView.swift */,
				149C129D2B805CC50092F102 /* BangsShape.swift */,
				149C129F2B805CC50092F102 /* BetterInfoView.swift */,
			);
			path = Content;
			sourceTree = "<group>";
		};
		149C12A12B805CC50092F102 /* MediaKeyTap */ = {
			isa = PBXGroup;
			children = (
				149C12A22B805CC50092F102 /* NSEventExtensions.swift */,
				149C12A42B805CC50092F102 /* MediaKeyTapInternals.swift */,
				149C12A52B805CC50092F102 /* MediaKeyTap.swift */,
				149C12A62B805CC50092F102 /* MediaApplicationWatcher.swift */,
			);
			path = MediaKeyTap;
			sourceTree = "<group>";
		};
		149C12A72B805CC50092F102 /* PreferenceKey */ = {
			isa = PBXGroup;
			children = (
				149C12A82B805CC50092F102 /* View+Geometry.swift */,
				149C12A92B805CC50092F102 /* RectPreferenceKey.swift */,
				149C12AA2B805CC50092F102 /* SizePreferenceKey.swift */,
			);
			path = PreferenceKey;
			sourceTree = "<group>";
		};
		149C12C82B805E140092F102 /* Frameworks */ = {
			isa = PBXGroup;
			children = (
				147211E82B80699C000B844C /* MediaPlayer.framework */,
			);
			name = Frameworks;
			sourceTree = "<group>";
		};
/* End PBXGroup section */

/* Begin PBXNativeTarget section */
		149C126D2B805C6A0092F102 /* DynamicBangs */ = {
			isa = PBXNativeTarget;
			buildConfigurationList = 149C127D2B805C6C0092F102 /* Build configuration list for PBXNativeTarget "DynamicBangs" */;
			buildPhases = (
				149C126A2B805C6A0092F102 /* Sources */,
				149C126B2B805C6A0092F102 /* Frameworks */,
				149C126C2B805C6A0092F102 /* Resources */,
			);
			buildRules = (
			);
			dependencies = (
			);
			name = DynamicBangs;
			packageProductDependencies = (
				14513C4C2B80722400446074 /* PrivateMediaRemote */,
				14102DA62B8081020011A842 /* MediaRemote */,
			);
			productName = DynamicBangs;
			productReference = 149C126E2B805C6A0092F102 /* DynamicBangs.app */;
			productType = "com.apple.product-type.application";
		};
/* End PBXNativeTarget section */

/* Begin PBXProject section */
		149C12662B805C6A0092F102 /* Project object */ = {
			isa = PBXProject;
			attributes = {
				BuildIndependentTargetsInParallel = 1;
				LastSwiftUpdateCheck = 1520;
				LastUpgradeCheck = 1520;
				TargetAttributes = {
					149C126D2B805C6A0092F102 = {
						CreatedOnToolsVersion = 15.2;
						LastSwiftMigration = 1520;
					};
				};
			};
			buildConfigurationList = 149C12692B805C6A0092F102 /* Build configuration list for PBXProject "DynamicBangs" */;
			compatibilityVersion = "Xcode 15.0";
			developmentRegion = en;
			hasScannedForEncodings = 0;
			knownRegions = (
				en,
				Base,
			);
			mainGroup = 149C12652B805C6A0092F102;
			packageReferences = (
				14513BD42B80709F00446074 /* XCRemoteSwiftPackageReference "MediaRemote" */,
			);
			productRefGroup = 149C126F2B805C6A0092F102 /* Products */;
			projectDirPath = "";
			projectRoot = "";
			targets = (
				149C126D2B805C6A0092F102 /* DynamicBangs */,
			);
		};
/* End PBXProject section */

/* Begin PBXResourcesBuildPhase section */
		149C126C2B805C6A0092F102 /* Resources */ = {
			isa = PBXResourcesBuildPhase;
			buildActionMask = 2147483647;
			files = (
				149C12792B805C6C0092F102 /* Preview Assets.xcassets in Resources */,
				149C12762B805C6C0092F102 /* Assets.xcassets in Resources */,
			);
			runOnlyForDeploymentPostprocessing = 0;
		};
/* End PBXResourcesBuildPhase section */

/* Begin PBXSourcesBuildPhase section */
		149C126A2B805C6A0092F102 /* Sources */ = {
			isa = PBXSourcesBuildPhase;
			buildActionMask = 2147483647;
			files = (
				149C12B92B805CC50092F102 /* mediaView.swift in Sources */,
				14E2637F2B82122B00CA6809 /* 工作室.swift in Sources */,
				149C12BE2B805CC50092F102 /* isLandView.swift in Sources */,
				149C12BF2B805CC50092F102 /* NSEventExtensions.swift in Sources */,
				14E263812B82123200CA6809 /* 关于.swift in Sources */,
				149C12C02B805CC50092F102 /* MediaKeyTapInternals.swift in Sources */,
				149C12B32B805CC50092F102 /* AppDelegate.swift in Sources */,
				149C12C52B805CC50092F102 /* SizePreferenceKey.swift in Sources */,
				149C12AD2B805CC50092F102 /* Sound.swift in Sources */,
				149C12AC2B805CC50092F102 /* SoundOutputManager.swift in Sources */,
				149C12AB2B805CC50092F102 /* SoundOutputManager+Goodies.swift in Sources */,
				149C12BD2B805CC50092F102 /* BetterInfoView.swift in Sources */,
				149C12B12B805CC50092F102 /* CGDirectDisplayID+Extension.swift in Sources */,
				149C12742B805C6A0092F102 /* ContentView.swift in Sources */,
				149C12B72B805CC50092F102 /* SettingView.swift in Sources */,
				149C12C42B805CC50092F102 /* RectPreferenceKey.swift in Sources */,
				149C12B02B805CC50092F102 /* NSScreen+Extension.swift in Sources */,
				149C12B22B805CC50092F102 /* DisplayManager.swift in Sources */,
				149C12AF2B805CC50092F102 /* Command.swift in Sources */,
				149C12B62B805CC50092F102 /* Ex-View.swift in Sources */,
				149C12722B805C6A0092F102 /* DynamicBangsApp.swift in Sources */,
				149C12B52B805CC50092F102 /* menuButton.swift in Sources */,
				149C12BB2B805CC50092F102 /* BangsShape.swift in Sources */,
				149C12C32B805CC50092F102 /* View+Geometry.swift in Sources */,
				14E263782B81BBBA00CA6809 /* FirstShowView.swift in Sources */,
				149C12BA2B805CC50092F102 /* InfoFunctionFloatSetView.swift in Sources */,
				149C12B42B805CC50092F102 /* Display.swift in Sources */,
				149C12B82B805CC50092F102 /* musicImageView.swift in Sources */,
				149C12C22B805CC50092F102 /* MediaApplicationWatcher.swift in Sources */,
				140EFF3A2C2D465C0053EB9C /* filesCopyView.swift in Sources */,
				14C320152B85B1810016AD8C /* main.swift in Sources */,
				149C12C12B805CC50092F102 /* MediaKeyTap.swift in Sources */,
				149C12AE2B805CC50092F102 /* SoundOutputManager+Properties.swift in Sources */,
				14C320172B85B4AA0016AD8C /* messageView.swift in Sources */,
			);
			runOnlyForDeploymentPostprocessing = 0;
		};
/* End PBXSourcesBuildPhase section */

/* Begin XCBuildConfiguration section */
		149C127B2B805C6C0092F102 /* Debug */ = {
			isa = XCBuildConfiguration;
			buildSettings = {
				ALWAYS_SEARCH_USER_PATHS = NO;
				ASSETCATALOG_COMPILER_GENERATE_SWIFT_ASSET_SYMBOL_EXTENSIONS = YES;
				CLANG_ANALYZER_NONNULL = YES;
				CLANG_ANALYZER_NUMBER_OBJECT_CONVERSION = YES_AGGRESSIVE;
				CLANG_CXX_LANGUAGE_STANDARD = "gnu++20";
				CLANG_ENABLE_MODULES = YES;
				CLANG_ENABLE_OBJC_ARC = YES;
				CLANG_ENABLE_OBJC_WEAK = YES;
				CLANG_WARN_BLOCK_CAPTURE_AUTORELEASING = YES;
				CLANG_WARN_BOOL_CONVERSION = YES;
				CLANG_WARN_COMMA = YES;
				CLANG_WARN_CONSTANT_CONVERSION = YES;
				CLANG_WARN_DEPRECATED_OBJC_IMPLEMENTATIONS = YES;
				CLANG_WARN_DIRECT_OBJC_ISA_USAGE = YES_ERROR;
				CLANG_WARN_DOCUMENTATION_COMMENTS = YES;
				CLANG_WARN_EMPTY_BODY = YES;
				CLANG_WARN_ENUM_CONVERSION = YES;
				CLANG_WARN_INFINITE_RECURSION = YES;
				CLANG_WARN_INT_CONVERSION = YES;
				CLANG_WARN_NON_LITERAL_NULL_CONVERSION = YES;
				CLANG_WARN_OBJC_IMPLICIT_RETAIN_SELF = YES;
				CLANG_WARN_OBJC_LITERAL_CONVERSION = YES;
				CLANG_WARN_OBJC_ROOT_CLASS = YES_ERROR;
				CLANG_WARN_QUOTED_INCLUDE_IN_FRAMEWORK_HEADER = YES;
				CLANG_WARN_RANGE_LOOP_ANALYSIS = YES;
				CLANG_WARN_STRICT_PROTOTYPES = YES;
				CLANG_WARN_SUSPICIOUS_MOVE = YES;
				CLANG_WARN_UNGUARDED_AVAILABILITY = YES_AGGRESSIVE;
				CLANG_WARN_UNREACHABLE_CODE = YES;
				CLANG_WARN__DUPLICATE_METHOD_MATCH = YES;
				COPY_PHASE_STRIP = NO;
				DEBUG_INFORMATION_FORMAT = dwarf;
				ENABLE_STRICT_OBJC_MSGSEND = YES;
				ENABLE_TESTABILITY = YES;
				ENABLE_USER_SCRIPT_SANDBOXING = YES;
				GCC_C_LANGUAGE_STANDARD = gnu17;
				GCC_DYNAMIC_NO_PIC = NO;
				GCC_NO_COMMON_BLOCKS = YES;
				GCC_OPTIMIZATION_LEVEL = 0;
				GCC_PREPROCESSOR_DEFINITIONS = (
					"DEBUG=1",
					"$(inherited)",
				);
				GCC_WARN_64_TO_32_BIT_CONVERSION = YES;
				GCC_WARN_ABOUT_RETURN_TYPE = YES_ERROR;
				GCC_WARN_UNDECLARED_SELECTOR = YES;
				GCC_WARN_UNINITIALIZED_AUTOS = YES_AGGRESSIVE;
				GCC_WARN_UNUSED_FUNCTION = YES;
				GCC_WARN_UNUSED_VARIABLE = YES;
				LOCALIZATION_PREFERS_STRING_CATALOGS = YES;
				MACOSX_DEPLOYMENT_TARGET = 13.0;
				MTL_ENABLE_DEBUG_INFO = INCLUDE_SOURCE;
				MTL_FAST_MATH = YES;
				ONLY_ACTIVE_ARCH = YES;
				SDKROOT = macosx;
				SWIFT_ACTIVE_COMPILATION_CONDITIONS = "DEBUG $(inherited)";
				SWIFT_OPTIMIZATION_LEVEL = "-Onone";
			};
			name = Debug;
		};
		149C127C2B805C6C0092F102 /* Release */ = {
			isa = XCBuildConfiguration;
			buildSettings = {
				ALWAYS_SEARCH_USER_PATHS = NO;
				ASSETCATALOG_COMPILER_GENERATE_SWIFT_ASSET_SYMBOL_EXTENSIONS = YES;
				CLANG_ANALYZER_NONNULL = YES;
				CLANG_ANALYZER_NUMBER_OBJECT_CONVERSION = YES_AGGRESSIVE;
				CLANG_CXX_LANGUAGE_STANDARD = "gnu++20";
				CLANG_ENABLE_MODULES = YES;
				CLANG_ENABLE_OBJC_ARC = YES;
				CLANG_ENABLE_OBJC_WEAK = YES;
				CLANG_WARN_BLOCK_CAPTURE_AUTORELEASING = YES;
				CLANG_WARN_BOOL_CONVERSION = YES;
				CLANG_WARN_COMMA = YES;
				CLANG_WARN_CONSTANT_CONVERSION = YES;
				CLANG_WARN_DEPRECATED_OBJC_IMPLEMENTATIONS = YES;
				CLANG_WARN_DIRECT_OBJC_ISA_USAGE = YES_ERROR;
				CLANG_WARN_DOCUMENTATION_COMMENTS = YES;
				CLANG_WARN_EMPTY_BODY = YES;
				CLANG_WARN_ENUM_CONVERSION = YES;
				CLANG_WARN_INFINITE_RECURSION = YES;
				CLANG_WARN_INT_CONVERSION = YES;
				CLANG_WARN_NON_LITERAL_NULL_CONVERSION = YES;
				CLANG_WARN_OBJC_IMPLICIT_RETAIN_SELF = YES;
				CLANG_WARN_OBJC_LITERAL_CONVERSION = YES;
				CLANG_WARN_OBJC_ROOT_CLASS = YES_ERROR;
				CLANG_WARN_QUOTED_INCLUDE_IN_FRAMEWORK_HEADER = YES;
				CLANG_WARN_RANGE_LOOP_ANALYSIS = YES;
				CLANG_WARN_STRICT_PROTOTYPES = YES;
				CLANG_WARN_SUSPICIOUS_MOVE = YES;
				CLANG_WARN_UNGUARDED_AVAILABILITY = YES_AGGRESSIVE;
				CLANG_WARN_UNREACHABLE_CODE = YES;
				CLANG_WARN__DUPLICATE_METHOD_MATCH = YES;
				COPY_PHASE_STRIP = NO;
				DEBUG_INFORMATION_FORMAT = "dwarf-with-dsym";
				ENABLE_NS_ASSERTIONS = NO;
				ENABLE_STRICT_OBJC_MSGSEND = YES;
				ENABLE_USER_SCRIPT_SANDBOXING = YES;
				GCC_C_LANGUAGE_STANDARD = gnu17;
				GCC_NO_COMMON_BLOCKS = YES;
				GCC_WARN_64_TO_32_BIT_CONVERSION = YES;
				GCC_WARN_ABOUT_RETURN_TYPE = YES_ERROR;
				GCC_WARN_UNDECLARED_SELECTOR = YES;
				GCC_WARN_UNINITIALIZED_AUTOS = YES_AGGRESSIVE;
				GCC_WARN_UNUSED_FUNCTION = YES;
				GCC_WARN_UNUSED_VARIABLE = YES;
				LOCALIZATION_PREFERS_STRING_CATALOGS = YES;
				MACOSX_DEPLOYMENT_TARGET = 13.0;
				MTL_ENABLE_DEBUG_INFO = NO;
				MTL_FAST_MATH = YES;
				SDKROOT = macosx;
				SWIFT_COMPILATION_MODE = wholemodule;
			};
			name = Release;
		};
		149C127E2B805C6C0092F102 /* Debug */ = {
			isa = XCBuildConfiguration;
			buildSettings = {
				ASSETCATALOG_COMPILER_APPICON_NAME = AppIcon;
				ASSETCATALOG_COMPILER_GLOBAL_ACCENT_COLOR_NAME = AccentColor;
				CLANG_ENABLE_MODULES = YES;
				CODE_SIGN_ENTITLEMENTS = DynamicBangs/DynamicBangs.entitlements;
				"CODE_SIGN_IDENTITY[sdk=macosx*]" = "Apple Development";
				CODE_SIGN_STYLE = Automatic;
				COMBINE_HIDPI_IMAGES = YES;
				CURRENT_PROJECT_VERSION = 1;
				DEVELOPMENT_ASSET_PATHS = "\"DynamicBangs/Preview Content\"";
				DEVELOPMENT_TEAM = Z4VBK6ZH5F;
				ENABLE_HARDENED_RUNTIME = YES;
				ENABLE_PREVIEWS = YES;
				GENERATE_INFOPLIST_FILE = YES;
				INFOPLIST_FILE = DynamicBangs/Info.plist;
				INFOPLIST_KEY_CFBundleDisplayName = "灵动刘海";
				INFOPLIST_KEY_LSApplicationCategoryType = "public.app-category.utilities";
				INFOPLIST_KEY_LSUIElement = YES;
				INFOPLIST_KEY_NSAppleEventsUsageDescription = "提供定制的刘海音量调整";
				INFOPLIST_KEY_NSHumanReadableCopyright = "";
				LD_RUNPATH_SEARCH_PATHS = (
					"$(inherited)",
					"@executable_path/../Frameworks",
				);
				MARKETING_VERSION = 0.1.4;
				PRODUCT_BUNDLE_IDENTIFIER = cn.huaxiadaqian.DynamicBangs;
				PRODUCT_NAME = "$(TARGET_NAME)";
				SWIFT_EMIT_LOC_STRINGS = YES;
				SWIFT_OBJC_BRIDGING_HEADER = "";
				SWIFT_OPTIMIZATION_LEVEL = "-Onone";
				SWIFT_VERSION = 5.0;
			};
			name = Debug;
		};
		149C127F2B805C6C0092F102 /* Release */ = {
			isa = XCBuildConfiguration;
			buildSettings = {
				ASSETCATALOG_COMPILER_APPICON_NAME = AppIcon;
				ASSETCATALOG_COMPILER_GLOBAL_ACCENT_COLOR_NAME = AccentColor;
				CLANG_ENABLE_MODULES = YES;
				CODE_SIGN_ENTITLEMENTS = DynamicBangs/DynamicBangs.entitlements;
				"CODE_SIGN_IDENTITY[sdk=macosx*]" = "Apple Development";
				CODE_SIGN_STYLE = Automatic;
				COMBINE_HIDPI_IMAGES = YES;
				CURRENT_PROJECT_VERSION = 1;
				DEVELOPMENT_ASSET_PATHS = "\"DynamicBangs/Preview Content\"";
				DEVELOPMENT_TEAM = Z4VBK6ZH5F;
				ENABLE_HARDENED_RUNTIME = YES;
				ENABLE_PREVIEWS = YES;
				GENERATE_INFOPLIST_FILE = YES;
				INFOPLIST_FILE = DynamicBangs/Info.plist;
				INFOPLIST_KEY_CFBundleDisplayName = "灵动刘海";
				INFOPLIST_KEY_LSApplicationCategoryType = "public.app-category.utilities";
				INFOPLIST_KEY_LSUIElement = YES;
				INFOPLIST_KEY_NSAppleEventsUsageDescription = "提供定制的刘海音量调整";
				INFOPLIST_KEY_NSHumanReadableCopyright = "";
				LD_RUNPATH_SEARCH_PATHS = (
					"$(inherited)",
					"@executable_path/../Frameworks",
				);
				MARKETING_VERSION = 0.1.4;
				PRODUCT_BUNDLE_IDENTIFIER = cn.huaxiadaqian.DynamicBangs;
				PRODUCT_NAME = "$(TARGET_NAME)";
				SWIFT_EMIT_LOC_STRINGS = YES;
				SWIFT_OBJC_BRIDGING_HEADER = "";
				SWIFT_VERSION = 5.0;
			};
			name = Release;
		};
/* End XCBuildConfiguration section */

/* Begin XCConfigurationList section */
		149C12692B805C6A0092F102 /* Build configuration list for PBXProject "DynamicBangs" */ = {
			isa = XCConfigurationList;
			buildConfigurations = (
				149C127B2B805C6C0092F102 /* Debug */,
				149C127C2B805C6C0092F102 /* Release */,
			);
			defaultConfigurationIsVisible = 0;
			defaultConfigurationName = Release;
		};
		149C127D2B805C6C0092F102 /* Build configuration list for PBXNativeTarget "DynamicBangs" */ = {
			isa = XCConfigurationList;
			buildConfigurations = (
				149C127E2B805C6C0092F102 /* Debug */,
				149C127F2B805C6C0092F102 /* Release */,
			);
			defaultConfigurationIsVisible = 0;
			defaultConfigurationName = Release;
		};
/* End XCConfigurationList section */

/* Begin XCRemoteSwiftPackageReference section */
		14513BD42B80709F00446074 /* XCRemoteSwiftPackageReference "MediaRemote" */ = {
			isa = XCRemoteSwiftPackageReference;
			repositoryURL = "https://github.com/PrivateFrameworks/MediaRemote";
			requirement = {
				kind = upToNextMajorVersion;
				minimumVersion = 0.1.0;
			};
		};
/* End XCRemoteSwiftPackageReference section */

/* Begin XCSwiftPackageProductDependency section */
		14102DA62B8081020011A842 /* MediaRemote */ = {
			isa = XCSwiftPackageProductDependency;
			package = 14513BD42B80709F00446074 /* XCRemoteSwiftPackageReference "MediaRemote" */;
			productName = MediaRemote;
		};
		14513C4C2B80722400446074 /* PrivateMediaRemote */ = {
			isa = XCSwiftPackageProductDependency;
			package = 14513BD42B80709F00446074 /* XCRemoteSwiftPackageReference "MediaRemote" */;
			productName = PrivateMediaRemote;
		};
/* End XCSwiftPackageProductDependency section */
	};
	rootObject = 149C12662B805C6A0092F102 /* Project object */;
}
