{
  "pins" : [
    {
      "identity" : "mediaremote",
      "kind" : "remoteSourceControl",
      "location" : "https://github.com/PrivateFrameworks/MediaRemote",
      "state" : {
        "branch" : "master",
        "revision" : "5c10fd20fd6b1ef10d912f3bcb9037b1f61efb9e"
      }
    },
    {
      "identity" : "protocolbuffer",
      "kind" : "remoteSourceControl",
      "location" : "https://github.com/PrivateFrameworks/ProtocolBuffer",
      "state" : {
        "revision" : "d4c569d9ce5e146e9185ebc056fdbaaf9784ec5d",
        "version" : "0.1.1"
      }
    }
  ],
  "version" : 2
}
